
Microsoft Visual Studio Solution File, Format Version 12.00
# Visual Studio Version 17
VisualStudioVersion = 17.5.33502.453
MinimumVisualStudioVersion = 10.0.40219.1
Project("{FAE04EC0-301F-11D3-BF4B-00C04F79EFBC}") = "OganiShop", "OganiShop\OganiShop.csproj", "{A187D525-4F6A-4186-9FD5-8FB0E896856D}"
EndProject
Global
	GlobalSection(SolutionConfigurationPlatforms) = preSolution
		Debug|Any CPU = Debug|Any CPU
		Release|Any CPU = Release|Any CPU
	EndGlobalSection
	GlobalSection(ProjectConfigurationPlatforms) = postSolution
		{A187D525-4F6A-4186-9FD5-8FB0E896856D}.Debug|Any CPU.ActiveCfg = Debug|Any CPU
		{A187D525-4F6A-4186-9FD5-8FB0E896856D}.Debug|Any CPU.Build.0 = Debug|Any CPU
		{A187D525-4F6A-4186-9FD5-8FB0E896856D}.Release|Any CPU.ActiveCfg = Release|Any CPU
		{A187D525-4F6A-4186-9FD5-8FB0E896856D}.Release|Any CPU.Build.0 = Release|Any CPU
	EndGlobalSection
	GlobalSection(SolutionProperties) = preSolution
		HideSolutionNode = FALSE
	EndGlobalSection
	GlobalSection(ExtensibilityGlobals) = postSolution
		SolutionGuid = {F61914DC-9925-4A84-BC6B-4D6AF0C2A82C}
	EndGlobalSection
EndGlobal
